
Microsoft Visual Studio Solution File, Format Version 12.00
# Visual Studio Version 17
VisualStudioVersion = 17.7.34018.315
MinimumVisualStudioVersion = 10.0.40219.1
Project("{FAE04EC0-301F-11D3-BF4B-00C04F79EFBC}") = "ResponsiJunpro", "ResponsiJunpro\ResponsiJunpro.csproj", "{BB49F230-3A8C-490C-9D7C-535785820B4E}"
EndProject
Global
	GlobalSection(SolutionConfigurationPlatforms) = preSolution
		Debug|Any CPU = Debug|Any CPU
		Release|Any CPU = Release|Any CPU
	EndGlobalSection
	GlobalSection(ProjectConfigurationPlatforms) = postSolution
		{BB49F230-3A8C-490C-9D7C-535785820B4E}.Debug|Any CPU.ActiveCfg = Debug|Any CPU
		{BB49F230-3A8C-490C-9D7C-535785820B4E}.Debug|Any CPU.Build.0 = Debug|Any CPU
		{BB49F230-3A8C-490C-9D7C-535785820B4E}.Release|Any CPU.ActiveCfg = Release|Any CPU
		{BB49F230-3A8C-490C-9D7C-535785820B4E}.Release|Any CPU.Build.0 = Release|Any CPU
	EndGlobalSection
	GlobalSection(SolutionProperties) = preSolution
		HideSolutionNode = FALSE
	EndGlobalSection
	GlobalSection(ExtensibilityGlobals) = postSolution
		SolutionGuid = {2A156FE7-8CC1-4DAB-8BBF-0B268092FF92}
	EndGlobalSection
EndGlobal
